
Microsoft Visual Studio Solution File, Format Version 12.00
# Visual Studio 2012
Project("{FAE04EC0-301F-11D3-BF4B-00C04F79EFBC}") = "SnowMan", "SnowMan\SnowMan.csproj", "{F29694EE-969C-425C-BDA3-7B03CA16C6BB}"
EndProject
Global
	GlobalSection(SolutionConfigurationPlatforms) = preSolution
		Debug|x86 = Debug|x86
		Release|x86 = Release|x86
	EndGlobalSection
	GlobalSection(ProjectConfigurationPlatforms) = postSolution
		{F29694EE-969C-425C-BDA3-7B03CA16C6BB}.Debug|x86.ActiveCfg = Debug|x86
		{F29694EE-969C-425C-BDA3-7B03CA16C6BB}.Debug|x86.Build.0 = Debug|x86
		{F29694EE-969C-425C-BDA3-7B03CA16C6BB}.Release|x86.ActiveCfg = Release|x86
		{F29694EE-969C-425C-BDA3-7B03CA16C6BB}.Release|x86.Build.0 = Release|x86
	EndGlobalSection
EndGlobal
